
Microsoft Visual Studio Solution File, Format Version 12.00
# Visual Studio Version 17
VisualStudioVersion = 17.4.33110.190
MinimumVisualStudioVersion = 10.0.40219.1
Project("{FAE04EC0-301F-11D3-BF4B-00C04F79EFBC}") = "Euvic.WebAPI.EndpointParameterTypes", "Euvic.WebAPI.EndpointParameterTypes\Euvic.WebAPI.EndpointParameterTypes.csproj", "{EFDCE30D-B2F8-4AD4-ABA9-54C32DC37D01}"
EndProject
Global
	GlobalSection(SolutionConfigurationPlatforms) = preSolution
		Debug|Any CPU = Debug|Any CPU
		Release|Any CPU = Release|Any CPU
	EndGlobalSection
	GlobalSection(ProjectConfigurationPlatforms) = postSolution
		{EFDCE30D-B2F8-4AD4-ABA9-54C32DC37D01}.Debug|Any CPU.ActiveCfg = Debug|Any CPU
		{EFDCE30D-B2F8-4AD4-ABA9-54C32DC37D01}.Debug|Any CPU.Build.0 = Debug|Any CPU
		{EFDCE30D-B2F8-4AD4-ABA9-54C32DC37D01}.Release|Any CPU.ActiveCfg = Release|Any CPU
		{EFDCE30D-B2F8-4AD4-ABA9-54C32DC37D01}.Release|Any CPU.Build.0 = Release|Any CPU
	EndGlobalSection
	GlobalSection(SolutionProperties) = preSolution
		HideSolutionNode = FALSE
	EndGlobalSection
	GlobalSection(ExtensibilityGlobals) = postSolution
		SolutionGuid = {1B46B6EB-C73D-4AA6-98D4-6C184DC7758A}
	EndGlobalSection
EndGlobal
